
Microsoft Visual Studio Solution File, Format Version 12.00
# Visual Studio Version 17
VisualStudioVersion = 17.0.32014.148
MinimumVisualStudioVersion = 10.0.40219.1
Project("{9A19103F-16F7-4668-BE54-9A1E7A4F7556}") = "CosmosContainerMigrationTool", "CosmosContainerMigrationTool\CosmosContainerMigrationTool.csproj", "{EC4AEBAD-4851-4D65-9027-97F4549D7328}"
EndProject
Global
	GlobalSection(SolutionConfigurationPlatforms) = preSolution
		Debug|Any CPU = Debug|Any CPU
		Release|Any CPU = Release|Any CPU
	EndGlobalSection
	GlobalSection(ProjectConfigurationPlatforms) = postSolution
		{EC4AEBAD-4851-4D65-9027-97F4549D7328}.Debug|Any CPU.ActiveCfg = Debug|Any CPU
		{EC4AEBAD-4851-4D65-9027-97F4549D7328}.Debug|Any CPU.Build.0 = Debug|Any CPU
		{EC4AEBAD-4851-4D65-9027-97F4549D7328}.Release|Any CPU.ActiveCfg = Release|Any CPU
		{EC4AEBAD-4851-4D65-9027-97F4549D7328}.Release|Any CPU.Build.0 = Release|Any CPU
	EndGlobalSection
	GlobalSection(SolutionProperties) = preSolution
		HideSolutionNode = FALSE
	EndGlobalSection
	GlobalSection(ExtensibilityGlobals) = postSolution
		SolutionGuid = {9980658E-9986-44E0-BB67-A0C90104E94A}
	EndGlobalSection
EndGlobal
